// !$*UTF8*$!
{
	archiveVersion = 1;
	classes = {
	};
	objectVersion = 56;
	objects = {

/* Begin PBXBuildFile section */
		F3BB39A42B6D76C700F0BC58 /* AppDelegate.swift in Sources */ = {isa = PBXBuildFile; fileRef = F3BB39A32B6D76C700F0BC58 /* AppDelegate.swift */; };
		F3BB39A62B6D76C700F0BC58 /* SceneDelegate.swift in Sources */ = {isa = PBXBuildFile; fileRef = F3BB39A52B6D76C700F0BC58 /* SceneDelegate.swift */; };
		F3BB39A82B6D76C700F0BC58 /* ViewController.swift in Sources */ = {isa = PBXBuildFile; fileRef = F3BB39A72B6D76C700F0BC58 /* ViewController.swift */; };
		F3BB39AB2B6D76C700F0BC58 /* Main.storyboard in Resources */ = {isa = PBXBuildFile; fileRef = F3BB39A92B6D76C700F0BC58 /* Main.storyboard */; };
		F3BB39AD2B6D76C800F0BC58 /* Assets.xcassets in Resources */ = {isa = PBXBuildFile; fileRef = F3BB39AC2B6D76C800F0BC58 /* Assets.xcassets */; };
		F3BB39B02B6D76C800F0BC58 /* LaunchScreen.storyboard in Resources */ = {isa = PBXBuildFile; fileRef = F3BB39AE2B6D76C800F0BC58 /* LaunchScreen.storyboard */; };
		F3BB39BB2B6D76C800F0BC58 /* CodePathIos102_preworkTests.swift in Sources */ = {isa = PBXBuildFile; fileRef = F3BB39BA2B6D76C800F0BC58 /* CodePathIos102_preworkTests.swift */; };
		F3BB39C52B6D76C800F0BC58 /* CodePathIos102_preworkUITests.swift in Sources */ = {isa = PBXBuildFile; fileRef = F3BB39C42B6D76C800F0BC58 /* CodePathIos102_preworkUITests.swift */; };
		F3BB39C72B6D76C800F0BC58 /* CodePathIos102_preworkUITestsLaunchTests.swift in Sources */ = {isa = PBXBuildFile; fileRef = F3BB39C62B6D76C800F0BC58 /* CodePathIos102_preworkUITestsLaunchTests.swift */; };
/* End PBXBuildFile section */

/* Begin PBXContainerItemProxy section */
		F3BB39B72B6D76C800F0BC58 /* PBXContainerItemProxy */ = {
			isa = PBXContainerItemProxy;
			containerPortal = F3BB39982B6D76C700F0BC58 /* Project object */;
			proxyType = 1;
			remoteGlobalIDString = F3BB399F2B6D76C700F0BC58;
			remoteInfo = "CodePathIos102-prework";
		};
		F3BB39C12B6D76C800F0BC58 /* PBXContainerItemProxy */ = {
			isa = PBXContainerItemProxy;
			containerPortal = F3BB39982B6D76C700F0BC58 /* Project object */;
			proxyType = 1;
			remoteGlobalIDString = F3BB399F2B6D76C700F0BC58;
			remoteInfo = "CodePathIos102-prework";
		};
/* End PBXContainerItemProxy section */

/* Begin PBXFileReference section */
		F3BB39A02B6D76C700F0BC58 /* CodePathIos102-prework.app */ = {isa = PBXFileReference; explicitFileType = wrapper.application; includeInIndex = 0; path = "CodePathIos102-prework.app"; sourceTree = BUILT_PRODUCTS_DIR; };
		F3BB39A32B6D76C700F0BC58 /* AppDelegate.swift */ = {isa = PBXFileReference; lastKnownFileType = sourcecode.swift; path = AppDelegate.swift; sourceTree = "<group>"; };
		F3BB39A52B6D76C700F0BC58 /* SceneDelegate.swift */ = {isa = PBXFileReference; lastKnownFileType = sourcecode.swift; path = SceneDelegate.swift; sourceTree = "<group>"; };
		F3BB39A72B6D76C700F0BC58 /* ViewController.swift */ = {isa = PBXFileReference; lastKnownFileType = sourcecode.swift; path = ViewController.swift; sourceTree = "<group>"; };
		F3BB39AA2B6D76C700F0BC58 /* Base */ = {isa = PBXFileReference; lastKnownFileType = file.storyboard; name = Base; path = Base.lproj/Main.storyboard; sourceTree = "<group>"; };
		F3BB39AC2B6D76C800F0BC58 /* Assets.xcassets */ = {isa = PBXFileReference; lastKnownFileType = folder.assetcatalog; path = Assets.xcassets; sourceTree = "<group>"; };
		F3BB39AF2B6D76C800F0BC58 /* Base */ = {isa = PBXFileReference; lastKnownFileType = file.storyboard; name = Base; path = Base.lproj/LaunchScreen.storyboard; sourceTree = "<group>"; };
		F3BB39B12B6D76C800F0BC58 /* Info.plist */ = {isa = PBXFileReference; lastKnownFileType = text.plist.xml; path = Info.plist; sourceTree = "<group>"; };
		F3BB39B62B6D76C800F0BC58 /* CodePathIos102-preworkTests.xctest */ = {isa = PBXFileReference; explicitFileType = wrapper.cfbundle; includeInIndex = 0; path = "CodePathIos102-preworkTests.xctest"; sourceTree = BUILT_PRODUCTS_DIR; };
		F3BB39BA2B6D76C800F0BC58 /* CodePathIos102_preworkTests.swift */ = {isa = PBXFileReference; lastKnownFileType = sourcecode.swift; path = CodePathIos102_preworkTests.swift; sourceTree = "<group>"; };
		F3BB39C02B6D76C800F0BC58 /* CodePathIos102-preworkUITests.xctest */ = {isa = PBXFileReference; explicitFileType = wrapper.cfbundle; includeInIndex = 0; path = "CodePathIos102-preworkUITests.xctest"; sourceTree = BUILT_PRODUCTS_DIR; };
		F3BB39C42B6D76C800F0BC58 /* CodePathIos102_preworkUITests.swift */ = {isa = PBXFileReference; lastKnownFileType = sourcecode.swift; path = CodePathIos102_preworkUITests.swift; sourceTree = "<group>"; };
		F3BB39C62B6D76C800F0BC58 /* CodePathIos102_preworkUITestsLaunchTests.swift */ = {isa = PBXFileReference; lastKnownFileType = sourcecode.swift; path = CodePathIos102_preworkUITestsLaunchTests.swift; sourceTree = "<group>"; };
/* End PBXFileReference section */

/* Begin PBXFrameworksBuildPhase section */
		F3BB399D2B6D76C700F0BC58 /* Frameworks */ = {
			isa = PBXFrameworksBuildPhase;
			buildActionMask = 2147483647;
			files = (
			);
			runOnlyForDeploymentPostprocessing = 0;
		};
		F3BB39B32B6D76C800F0BC58 /* Frameworks */ = {
			isa = PBXFrameworksBuildPhase;
			buildActionMask = 2147483647;
			files = (
			);
			runOnlyForDeploymentPostprocessing = 0;
		};
		F3BB39BD2B6D76C800F0BC58 /* Frameworks */ = {
			isa = PBXFrameworksBuildPhase;
			buildActionMask = 2147483647;
			files = (
			);
			runOnlyForDeploymentPostprocessing = 0;
		};
/* End PBXFrameworksBuildPhase section */

/* Begin PBXGroup section */
		F3BB39972B6D76C700F0BC58 = {
			isa = PBXGroup;
			children = (
				F3BB39A22B6D76C700F0BC58 /* CodePathIos102-prework */,
				F3BB39B92B6D76C800F0BC58 /* CodePathIos102-preworkTests */,
				F3BB39C32B6D76C800F0BC58 /* CodePathIos102-preworkUITests */,
				F3BB39A12B6D76C700F0BC58 /* Products */,
			);
			sourceTree = "<group>";
		};
		F3BB39A12B6D76C700F0BC58 /* Products */ = {
			isa = PBXGroup;
			children = (
				F3BB39A02B6D76C700F0BC58 /* CodePathIos102-prework.app */,
				F3BB39B62B6D76C800F0BC58 /* CodePathIos102-preworkTests.xctest */,
				F3BB39C02B6D76C800F0BC58 /* CodePathIos102-preworkUITests.xctest */,
			);
			name = Products;
			sourceTree = "<group>";
		};
		F3BB39A22B6D76C700F0BC58 /* CodePathIos102-prework */ = {
			isa = PBXGroup;
			children = (
				F3BB39A32B6D76C700F0BC58 /* AppDelegate.swift */,
				F3BB39A52B6D76C700F0BC58 /* SceneDelegate.swift */,
				F3BB39A72B6D76C700F0BC58 /* ViewController.swift */,
				F3BB39A92B6D76C700F0BC58 /* Main.storyboard */,
				F3BB39AC2B6D76C800F0BC58 /* Assets.xcassets */,
				F3BB39AE2B6D76C800F0BC58 /* LaunchScreen.storyboard */,
				F3BB39B12B6D76C800F0BC58 /* Info.plist */,
			);
			path = "CodePathIos102-prework";
			sourceTree = "<group>";
		};
		F3BB39B92B6D76C800F0BC58 /* CodePathIos102-preworkTests */ = {
			isa = PBXGroup;
			children = (
				F3BB39BA2B6D76C800F0BC58 /* CodePathIos102_preworkTests.swift */,
			);
			path = "CodePathIos102-preworkTests";
			sourceTree = "<group>";
		};
		F3BB39C32B6D76C800F0BC58 /* CodePathIos102-preworkUITests */ = {
			isa = PBXGroup;
			children = (
				F3BB39C42B6D76C800F0BC58 /* CodePathIos102_preworkUITests.swift */,
				F3BB39C62B6D76C800F0BC58 /* CodePathIos102_preworkUITestsLaunchTests.swift */,
			);
			path = "CodePathIos102-preworkUITests";
			sourceTree = "<group>";
		};
/* End PBXGroup section */

/* Begin PBXNativeTarget section */
		F3BB399F2B6D76C700F0BC58 /* CodePathIos102-prework */ = {
			isa = PBXNativeTarget;
			buildConfigurationList = F3BB39CA2B6D76C800F0BC58 /* Build configuration list for PBXNativeTarget "CodePathIos102-prework" */;
			buildPhases = (
				F3BB399C2B6D76C700F0BC58 /* Sources */,
				F3BB399D2B6D76C700F0BC58 /* Frameworks */,
				F3BB399E2B6D76C700F0BC58 /* Resources */,
			);
			buildRules = (
			);
			dependencies = (
			);
			name = "CodePathIos102-prework";
			productName = "CodePathIos102-prework";
			productReference = F3BB39A02B6D76C700F0BC58 /* CodePathIos102-prework.app */;
			productType = "com.apple.product-type.application";
		};
		F3BB39B52B6D76C800F0BC58 /* CodePathIos102-preworkTests */ = {
			isa = PBXNativeTarget;
			buildConfigurationList = F3BB39CD2B6D76C800F0BC58 /* Build configuration list for PBXNativeTarget "CodePathIos102-preworkTests" */;
			buildPhases = (
				F3BB39B22B6D76C800F0BC58 /* Sources */,
				F3BB39B32B6D76C800F0BC58 /* Frameworks */,
				F3BB39B42B6D76C800F0BC58 /* Resources */,
			);
			buildRules = (
			);
			dependencies = (
				F3BB39B82B6D76C800F0BC58 /* PBXTargetDependency */,
			);
			name = "CodePathIos102-preworkTests";
			productName = "CodePathIos102-preworkTests";
			productReference = F3BB39B62B6D76C800F0BC58 /* CodePathIos102-preworkTests.xctest */;
			productType = "com.apple.product-type.bundle.unit-test";
		};
		F3BB39BF2B6D76C800F0BC58 /* CodePathIos102-preworkUITests */ = {
			isa = PBXNativeTarget;
			buildConfigurationList = F3BB39D02B6D76C800F0BC58 /* Build configuration list for PBXNativeTarget "CodePathIos102-preworkUITests" */;
			buildPhases = (
				F3BB39BC2B6D76C800F0BC58 /* Sources */,
				F3BB39BD2B6D76C800F0BC58 /* Frameworks */,
				F3BB39BE2B6D76C800F0BC58 /* Resources */,
			);
			buildRules = (
			);
			dependencies = (
				F3BB39C22B6D76C800F0BC58 /* PBXTargetDependency */,
			);
			name = "CodePathIos102-preworkUITests";
			productName = "CodePathIos102-preworkUITests";
			productReference = F3BB39C02B6D76C800F0BC58 /* CodePathIos102-preworkUITests.xctest */;
			productType = "com.apple.product-type.bundle.ui-testing";
		};
/* End PBXNativeTarget section */

/* Begin PBXProject section */
		F3BB39982B6D76C700F0BC58 /* Project object */ = {
			isa = PBXProject;
			attributes = {
				BuildIndependentTargetsInParallel = 1;
				LastSwiftUpdateCheck = 1510;
				LastUpgradeCheck = 1510;
				TargetAttributes = {
					F3BB399F2B6D76C700F0BC58 = {
						CreatedOnToolsVersion = 15.1;
					};
					F3BB39B52B6D76C800F0BC58 = {
						CreatedOnToolsVersion = 15.1;
						TestTargetID = F3BB399F2B6D76C700F0BC58;
					};
					F3BB39BF2B6D76C800F0BC58 = {
						CreatedOnToolsVersion = 15.1;
						TestTargetID = F3BB399F2B6D76C700F0BC58;
					};
				};
			};
			buildConfigurationList = F3BB399B2B6D76C700F0BC58 /* Build configuration list for PBXProject "CodePathIos102-prework" */;
			compatibilityVersion = "Xcode 14.0";
			developmentRegion = en;
			hasScannedForEncodings = 0;
			knownRegions = (
				en,
				Base,
			);
			mainGroup = F3BB39972B6D76C700F0BC58;
			productRefGroup = F3BB39A12B6D76C700F0BC58 /* Products */;
			projectDirPath = "";
			projectRoot = "";
			targets = (
				F3BB399F2B6D76C700F0BC58 /* CodePathIos102-prework */,
				F3BB39B52B6D76C800F0BC58 /* CodePathIos102-preworkTests */,
				F3BB39BF2B6D76C800F0BC58 /* CodePathIos102-preworkUITests */,
			);
		};
/* End PBXProject section */

/* Begin PBXResourcesBuildPhase section */
		F3BB399E2B6D76C700F0BC58 /* Resources */ = {
			isa = PBXResourcesBuildPhase;
			buildActionMask = 2147483647;
			files = (
				F3BB39B02B6D76C800F0BC58 /* LaunchScreen.storyboard in Resources */,
				F3BB39AD2B6D76C800F0BC58 /* Assets.xcassets in Resources */,
				F3BB39AB2B6D76C700F0BC58 /* Main.storyboard in Resources */,
			);
			runOnlyForDeploymentPostprocessing = 0;
		};
		F3BB39B42B6D76C800F0BC58 /* Resources */ = {
			isa = PBXResourcesBuildPhase;
			buildActionMask = 2147483647;
			files = (
			);
			runOnlyForDeploymentPostprocessing = 0;
		};
		F3BB39BE2B6D76C800F0BC58 /* Resources */ = {
			isa = PBXResourcesBuildPhase;
			buildActionMask = 2147483647;
			files = (
			);
			runOnlyForDeploymentPostprocessing = 0;
		};
/* End PBXResourcesBuildPhase section */

/* Begin PBXSourcesBuildPhase section */
		F3BB399C2B6D76C700F0BC58 /* Sources */ = {
			isa = PBXSourcesBuildPhase;
			buildActionMask = 2147483647;
			files = (
				F3BB39A82B6D76C700F0BC58 /* ViewController.swift in Sources */,
				F3BB39A42B6D76C700F0BC58 /* AppDelegate.swift in Sources */,
				F3BB39A62B6D76C700F0BC58 /* SceneDelegate.swift in Sources */,
			);
			runOnlyForDeploymentPostprocessing = 0;
		};
		F3BB39B22B6D76C800F0BC58 /* Sources */ = {
			isa = PBXSourcesBuildPhase;
			buildActionMask = 2147483647;
			files = (
				F3BB39BB2B6D76C800F0BC58 /* CodePathIos102_preworkTests.swift in Sources */,
			);
			runOnlyForDeploymentPostprocessing = 0;
		};
		F3BB39BC2B6D76C800F0BC58 /* Sources */ = {
			isa = PBXSourcesBuildPhase;
			buildActionMask = 2147483647;
			files = (
				F3BB39C52B6D76C800F0BC58 /* CodePathIos102_preworkUITests.swift in Sources */,
				F3BB39C72B6D76C800F0BC58 /* CodePathIos102_preworkUITestsLaunchTests.swift in Sources */,
			);
			runOnlyForDeploymentPostprocessing = 0;
		};
/* End PBXSourcesBuildPhase section */

/* Begin PBXTargetDependency section */
		F3BB39B82B6D76C800F0BC58 /* PBXTargetDependency */ = {
			isa = PBXTargetDependency;
			target = F3BB399F2B6D76C700F0BC58 /* CodePathIos102-prework */;
			targetProxy = F3BB39B72B6D76C800F0BC58 /* PBXContainerItemProxy */;
		};
		F3BB39C22B6D76C800F0BC58 /* PBXTargetDependency */ = {
			isa = PBXTargetDependency;
			target = F3BB399F2B6D76C700F0BC58 /* CodePathIos102-prework */;
			targetProxy = F3BB39C12B6D76C800F0BC58 /* PBXContainerItemProxy */;
		};
/* End PBXTargetDependency section */

/* Begin PBXVariantGroup section */
		F3BB39A92B6D76C700F0BC58 /* Main.storyboard */ = {
			isa = PBXVariantGroup;
			children = (
				F3BB39AA2B6D76C700F0BC58 /* Base */,
			);
			name = Main.storyboard;
			sourceTree = "<group>";
		};
		F3BB39AE2B6D76C800F0BC58 /* LaunchScreen.storyboard */ = {
			isa = PBXVariantGroup;
			children = (
				F3BB39AF2B6D76C800F0BC58 /* Base */,
			);
			name = LaunchScreen.storyboard;
			sourceTree = "<group>";
		};
/* End PBXVariantGroup section */

/* Begin XCBuildConfiguration section */
		F3BB39C82B6D76C800F0BC58 /* Debug */ = {
			isa = XCBuildConfiguration;
			buildSettings = {
				ALWAYS_SEARCH_USER_PATHS = NO;
				ASSETCATALOG_COMPILER_GENERATE_SWIFT_ASSET_SYMBOL_EXTENSIONS = YES;
				CLANG_ANALYZER_NONNULL = YES;
				CLANG_ANALYZER_NUMBER_OBJECT_CONVERSION = YES_AGGRESSIVE;
				CLANG_CXX_LANGUAGE_STANDARD = "gnu++20";
				CLANG_ENABLE_MODULES = YES;
				CLANG_ENABLE_OBJC_ARC = YES;
				CLANG_ENABLE_OBJC_WEAK = YES;
				CLANG_WARN_BLOCK_CAPTURE_AUTORELEASING = YES;
				CLANG_WARN_BOOL_CONVERSION = YES;
				CLANG_WARN_COMMA = YES;
				CLANG_WARN_CONSTANT_CONVERSION = YES;
				CLANG_WARN_DEPRECATED_OBJC_IMPLEMENTATIONS = YES;
				CLANG_WARN_DIRECT_OBJC_ISA_USAGE = YES_ERROR;
				CLANG_WARN_DOCUMENTATION_COMMENTS = YES;
				CLANG_WARN_EMPTY_BODY = YES;
				CLANG_WARN_ENUM_CONVERSION = YES;
				CLANG_WARN_INFINITE_RECURSION = YES;
				CLANG_WARN_INT_CONVERSION = YES;
				CLANG_WARN_NON_LITERAL_NULL_CONVERSION = YES;
				CLANG_WARN_OBJC_IMPLICIT_RETAIN_SELF = YES;
				CLANG_WARN_OBJC_LITERAL_CONVERSION = YES;
				CLANG_WARN_OBJC_ROOT_CLASS = YES_ERROR;
				CLANG_WARN_QUOTED_INCLUDE_IN_FRAMEWORK_HEADER = YES;
				CLANG_WARN_RANGE_LOOP_ANALYSIS = YES;
				CLANG_WARN_STRICT_PROTOTYPES = YES;
				CLANG_WARN_SUSPICIOUS_MOVE = YES;
				CLANG_WARN_UNGUARDED_AVAILABILITY = YES_AGGRESSIVE;
				CLANG_WARN_UNREACHABLE_CODE = YES;
				CLANG_WARN__DUPLICATE_METHOD_MATCH = YES;
				COPY_PHASE_STRIP = NO;
				DEBUG_INFORMATION_FORMAT = dwarf;
				ENABLE_STRICT_OBJC_MSGSEND = YES;
				ENABLE_TESTABILITY = YES;
				ENABLE_USER_SCRIPT_SANDBOXING = YES;
				GCC_C_LANGUAGE_STANDARD = gnu17;
				GCC_DYNAMIC_NO_PIC = NO;
				GCC_NO_COMMON_BLOCKS = YES;
				GCC_OPTIMIZATION_LEVEL = 0;
				GCC_PREPROCESSOR_DEFINITIONS = (
					"DEBUG=1",
					"$(inherited)",
				);
				GCC_WARN_64_TO_32_BIT_CONVERSION = YES;
				GCC_WARN_ABOUT_RETURN_TYPE = YES_ERROR;
				GCC_WARN_UNDECLARED_SELECTOR = YES;
				GCC_WARN_UNINITIALIZED_AUTOS = YES_AGGRESSIVE;
				GCC_WARN_UNUSED_FUNCTION = YES;
				GCC_WARN_UNUSED_VARIABLE = YES;
				IPHONEOS_DEPLOYMENT_TARGET = 17.2;
				LOCALIZATION_PREFERS_STRING_CATALOGS = YES;
				MTL_ENABLE_DEBUG_INFO = INCLUDE_SOURCE;
				MTL_FAST_MATH = YES;
				ONLY_ACTIVE_ARCH = YES;
				SDKROOT = iphoneos;
				SWIFT_ACTIVE_COMPILATION_CONDITIONS = "DEBUG $(inherited)";
				SWIFT_OPTIMIZATION_LEVEL = "-Onone";
			};
			name = Debug;
		};
		F3BB39C92B6D76C800F0BC58 /* Release */ = {
			isa = XCBuildConfiguration;
			buildSettings = {
				ALWAYS_SEARCH_USER_PATHS = NO;
				ASSETCATALOG_COMPILER_GENERATE_SWIFT_ASSET_SYMBOL_EXTENSIONS = YES;
				CLANG_ANALYZER_NONNULL = YES;
				CLANG_ANALYZER_NUMBER_OBJECT_CONVERSION = YES_AGGRESSIVE;
				CLANG_CXX_LANGUAGE_STANDARD = "gnu++20";
				CLANG_ENABLE_MODULES = YES;
				CLANG_ENABLE_OBJC_ARC = YES;
				CLANG_ENABLE_OBJC_WEAK = YES;
				CLANG_WARN_BLOCK_CAPTURE_AUTORELEASING = YES;
				CLANG_WARN_BOOL_CONVERSION = YES;
				CLANG_WARN_COMMA = YES;
				CLANG_WARN_CONSTANT_CONVERSION = YES;
				CLANG_WARN_DEPRECATED_OBJC_IMPLEMENTATIONS = YES;
				CLANG_WARN_DIRECT_OBJC_ISA_USAGE = YES_ERROR;
				CLANG_WARN_DOCUMENTATION_COMMENTS = YES;
				CLANG_WARN_EMPTY_BODY = YES;
				CLANG_WARN_ENUM_CONVERSION = YES;
				CLANG_WARN_INFINITE_RECURSION = YES;
				CLANG_WARN_INT_CONVERSION = YES;
				CLANG_WARN_NON_LITERAL_NULL_CONVERSION = YES;
				CLANG_WARN_OBJC_IMPLICIT_RETAIN_SELF = YES;
				CLANG_WARN_OBJC_LITERAL_CONVERSION = YES;
				CLANG_WARN_OBJC_ROOT_CLASS = YES_ERROR;
				CLANG_WARN_QUOTED_INCLUDE_IN_FRAMEWORK_HEADER = YES;
				CLANG_WARN_RANGE_LOOP_ANALYSIS = YES;
				CLANG_WARN_STRICT_PROTOTYPES = YES;
				CLANG_WARN_SUSPICIOUS_MOVE = YES;
				CLANG_WARN_UNGUARDED_AVAILABILITY = YES_AGGRESSIVE;
				CLANG_WARN_UNREACHABLE_CODE = YES;
				CLANG_WARN__DUPLICATE_METHOD_MATCH = YES;
				COPY_PHASE_STRIP = NO;
				DEBUG_INFORMATION_FORMAT = "dwarf-with-dsym";
				ENABLE_NS_ASSERTIONS = NO;
				ENABLE_STRICT_OBJC_MSGSEND = YES;
				ENABLE_USER_SCRIPT_SANDBOXING = YES;
				GCC_C_LANGUAGE_STANDARD = gnu17;
				GCC_NO_COMMON_BLOCKS = YES;
				GCC_WARN_64_TO_32_BIT_CONVERSION = YES;
				GCC_WARN_ABOUT_RETURN_TYPE = YES_ERROR;
				GCC_WARN_UNDECLARED_SELECTOR = YES;
				GCC_WARN_UNINITIALIZED_AUTOS = YES_AGGRESSIVE;
				GCC_WARN_UNUSED_FUNCTION = YES;
				GCC_WARN_UNUSED_VARIABLE = YES;
				IPHONEOS_DEPLOYMENT_TARGET = 17.2;
				LOCALIZATION_PREFERS_STRING_CATALOGS = YES;
				MTL_ENABLE_DEBUG_INFO = NO;
				MTL_FAST_MATH = YES;
				SDKROOT = iphoneos;
				SWIFT_COMPILATION_MODE = wholemodule;
				VALIDATE_PRODUCT = YES;
			};
			name = Release;
		};
		F3BB39CB2B6D76C800F0BC58 /* Debug */ = {
			isa = XCBuildConfiguration;
			buildSettings = {
				ASSETCATALOG_COMPILER_APPICON_NAME = AppIcon;
				ASSETCATALOG_COMPILER_GLOBAL_ACCENT_COLOR_NAME = AccentColor;
				CODE_SIGN_STYLE = Automatic;
				CURRENT_PROJECT_VERSION = 1;
				GENERATE_INFOPLIST_FILE = YES;
				INFOPLIST_FILE = "CodePathIos102-prework/Info.plist";
				INFOPLIST_KEY_UIApplicationSupportsIndirectInputEvents = YES;
				INFOPLIST_KEY_UILaunchStoryboardName = LaunchScreen;
				INFOPLIST_KEY_UIMainStoryboardFile = Main;
				INFOPLIST_KEY_UISupportedInterfaceOrientations_iPad = "UIInterfaceOrientationPortrait UIInterfaceOrientationPortraitUpsideDown UIInterfaceOrientationLandscapeLeft UIInterfaceOrientationLandscapeRight";
				INFOPLIST_KEY_UISupportedInterfaceOrientations_iPhone = "UIInterfaceOrientationPortrait UIInterfaceOrientationLandscapeLeft UIInterfaceOrientationLandscapeRight";
				LD_RUNPATH_SEARCH_PATHS = (
					"$(inherited)",
					"@executable_path/Frameworks",
				);
				MARKETING_VERSION = 1.0;
				PRODUCT_BUNDLE_IDENTIFIER = "ramo.CodePathIos102-prework";
				PRODUCT_NAME = "$(TARGET_NAME)";
				SWIFT_EMIT_LOC_STRINGS = YES;
				SWIFT_VERSION = 5.0;
				TARGETED_DEVICE_FAMILY = "1,2";
			};
			name = Debug;
		};
		F3BB39CC2B6D76C800F0BC58 /* Release */ = {
			isa = XCBuildConfiguration;
			buildSettings = {
				ASSETCATALOG_COMPILER_APPICON_NAME = AppIcon;
				ASSETCATALOG_COMPILER_GLOBAL_ACCENT_COLOR_NAME = AccentColor;
				CODE_SIGN_STYLE = Automatic;
				CURRENT_PROJECT_VERSION = 1;
				GENERATE_INFOPLIST_FILE = YES;
				INFOPLIST_FILE = "CodePathIos102-prework/Info.plist";
				INFOPLIST_KEY_UIApplicationSupportsIndirectInputEvents = YES;
				INFOPLIST_KEY_UILaunchStoryboardName = LaunchScreen;
				INFOPLIST_KEY_UIMainStoryboardFile = Main;
				INFOPLIST_KEY_UISupportedInterfaceOrientations_iPad = "UIInterfaceOrientationPortrait UIInterfaceOrientationPortraitUpsideDown UIInterfaceOrientationLandscapeLeft UIInterfaceOrientationLandscapeRight";
				INFOPLIST_KEY_UISupportedInterfaceOrientations_iPhone = "UIInterfaceOrientationPortrait UIInterfaceOrientationLandscapeLeft UIInterfaceOrientationLandscapeRight";
				LD_RUNPATH_SEARCH_PATHS = (
					"$(inherited)",
					"@executable_path/Frameworks",
				);
				MARKETING_VERSION = 1.0;
				PRODUCT_BUNDLE_IDENTIFIER = "ramo.CodePathIos102-prework";
				PRODUCT_NAME = "$(TARGET_NAME)";
				SWIFT_EMIT_LOC_STRINGS = YES;
				SWIFT_VERSION = 5.0;
				TARGETED_DEVICE_FAMILY = "1,2";
			};
			name = Release;
		};
		F3BB39CE2B6D76C800F0BC58 /* Debug */ = {
			isa = XCBuildConfiguration;
			buildSettings = {
				ALWAYS_EMBED_SWIFT_STANDARD_LIBRARIES = YES;
				BUNDLE_LOADER = "$(TEST_HOST)";
				CODE_SIGN_STYLE = Automatic;
				CURRENT_PROJECT_VERSION = 1;
				GENERATE_INFOPLIST_FILE = YES;
				IPHONEOS_DEPLOYMENT_TARGET = 17.2;
				MARKETING_VERSION = 1.0;
				PRODUCT_BUNDLE_IDENTIFIER = "ramo.CodePathIos102-preworkTests";
				PRODUCT_NAME = "$(TARGET_NAME)";
				SWIFT_EMIT_LOC_STRINGS = NO;
				SWIFT_VERSION = 5.0;
				TARGETED_DEVICE_FAMILY = "1,2";
				TEST_HOST = "$(BUILT_PRODUCTS_DIR)/CodePathIos102-prework.app/$(BUNDLE_EXECUTABLE_FOLDER_PATH)/CodePathIos102-prework";
			};
			name = Debug;
		};
		F3BB39CF2B6D76C800F0BC58 /* Release */ = {
			isa = XCBuildConfiguration;
			buildSettings = {
				ALWAYS_EMBED_SWIFT_STANDARD_LIBRARIES = YES;
				BUNDLE_LOADER = "$(TEST_HOST)";
				CODE_SIGN_STYLE = Automatic;
				CURRENT_PROJECT_VERSION = 1;
				GENERATE_INFOPLIST_FILE = YES;
				IPHONEOS_DEPLOYMENT_TARGET = 17.2;
				MARKETING_VERSION = 1.0;
				PRODUCT_BUNDLE_IDENTIFIER = "ramo.CodePathIos102-preworkTests";
				PRODUCT_NAME = "$(TARGET_NAME)";
				SWIFT_EMIT_LOC_STRINGS = NO;
				SWIFT_VERSION = 5.0;
				TARGETED_DEVICE_FAMILY = "1,2";
				TEST_HOST = "$(BUILT_PRODUCTS_DIR)/CodePathIos102-prework.app/$(BUNDLE_EXECUTABLE_FOLDER_PATH)/CodePathIos102-prework";
			};
			name = Release;
		};
		F3BB39D12B6D76C800F0BC58 /* Debug */ = {
			isa = XCBuildConfiguration;
			buildSettings = {
				ALWAYS_EMBED_SWIFT_STANDARD_LIBRARIES = YES;
				CODE_SIGN_STYLE = Automatic;
				CURRENT_PROJECT_VERSION = 1;
				GENERATE_INFOPLIST_FILE = YES;
				MARKETING_VERSION = 1.0;
				PRODUCT_BUNDLE_IDENTIFIER = "ramo.CodePathIos102-preworkUITests";
				PRODUCT_NAME = "$(TARGET_NAME)";
				SWIFT_EMIT_LOC_STRINGS = NO;
				SWIFT_VERSION = 5.0;
				TARGETED_DEVICE_FAMILY = "1,2";
				TEST_TARGET_NAME = "CodePathIos102-prework";
			};
			name = Debug;
		};
		F3BB39D22B6D76C800F0BC58 /* Release */ = {
			isa = XCBuildConfiguration;
			buildSettings = {
				ALWAYS_EMBED_SWIFT_STANDARD_LIBRARIES = YES;
				CODE_SIGN_STYLE = Automatic;
				CURRENT_PROJECT_VERSION = 1;
				GENERATE_INFOPLIST_FILE = YES;
				MARKETING_VERSION = 1.0;
				PRODUCT_BUNDLE_IDENTIFIER = "ramo.CodePathIos102-preworkUITests";
				PRODUCT_NAME = "$(TARGET_NAME)";
				SWIFT_EMIT_LOC_STRINGS = NO;
				SWIFT_VERSION = 5.0;
				TARGETED_DEVICE_FAMILY = "1,2";
				TEST_TARGET_NAME = "CodePathIos102-prework";
			};
			name = Release;
		};
/* End XCBuildConfiguration section */

/* Begin XCConfigurationList section */
		F3BB399B2B6D76C700F0BC58 /* Build configuration list for PBXProject "CodePathIos102-prework" */ = {
			isa = XCConfigurationList;
			buildConfigurations = (
				F3BB39C82B6D76C800F0BC58 /* Debug */,
				F3BB39C92B6D76C800F0BC58 /* Release */,
			);
			defaultConfigurationIsVisible = 0;
			defaultConfigurationName = Release;
		};
		F3BB39CA2B6D76C800F0BC58 /* Build configuration list for PBXNativeTarget "CodePathIos102-prework" */ = {
			isa = XCConfigurationList;
			buildConfigurations = (
				F3BB39CB2B6D76C800F0BC58 /* Debug */,
				F3BB39CC2B6D76C800F0BC58 /* Release */,
			);
			defaultConfigurationIsVisible = 0;
			defaultConfigurationName = Release;
		};
		F3BB39CD2B6D76C800F0BC58 /* Build configuration list for PBXNativeTarget "CodePathIos102-preworkTests" */ = {
			isa = XCConfigurationList;
			buildConfigurations = (
				F3BB39CE2B6D76C800F0BC58 /* Debug */,
				F3BB39CF2B6D76C800F0BC58 /* Release */,
			);
			defaultConfigurationIsVisible = 0;
			defaultConfigurationName = Release;
		};
		F3BB39D02B6D76C800F0BC58 /* Build configuration list for PBXNativeTarget "CodePathIos102-preworkUITests" */ = {
			isa = XCConfigurationList;
			buildConfigurations = (
				F3BB39D12B6D76C800F0BC58 /* Debug */,
				F3BB39D22B6D76C800F0BC58 /* Release */,
			);
			defaultConfigurationIsVisible = 0;
			defaultConfigurationName = Release;
		};
/* End XCConfigurationList section */
	};
	rootObject = F3BB39982B6D76C700F0BC58 /* Project object */;
}
